
Microsoft Visual Studio Solution File, Format Version 12.00
# Visual Studio Version 17
VisualStudioVersion = 17.8.34511.84
MinimumVisualStudioVersion = 10.0.40219.1
Project("{FAE04EC0-301F-11D3-BF4B-00C04F79EFBC}") = "MaquinaVendingCosmic", "MaquinaVendingCosmic\MaquinaVendingCosmic.csproj", "{609EA166-380D-48E8-BCF2-698017CABFCA}"
EndProject
Global
	GlobalSection(SolutionConfigurationPlatforms) = preSolution
		Debug|Any CPU = Debug|Any CPU
		Release|Any CPU = Release|Any CPU
	EndGlobalSection
	GlobalSection(ProjectConfigurationPlatforms) = postSolution
		{609EA166-380D-48E8-BCF2-698017CABFCA}.Debug|Any CPU.ActiveCfg = Debug|Any CPU
		{609EA166-380D-48E8-BCF2-698017CABFCA}.Debug|Any CPU.Build.0 = Debug|Any CPU
		{609EA166-380D-48E8-BCF2-698017CABFCA}.Release|Any CPU.ActiveCfg = Release|Any CPU
		{609EA166-380D-48E8-BCF2-698017CABFCA}.Release|Any CPU.Build.0 = Release|Any CPU
	EndGlobalSection
	GlobalSection(SolutionProperties) = preSolution
		HideSolutionNode = FALSE
	EndGlobalSection
	GlobalSection(ExtensibilityGlobals) = postSolution
		SolutionGuid = {5C38F3E4-265D-4E47-9241-6E9DDE8BBC5A}
	EndGlobalSection
EndGlobal
